# This file is autogenerated, do not edit; changes may be undone by the next 'dep ensure'.


[[projects]]
  branch = "master"
  name = "github.com/xrash/smetrics"
  packages = ["."]
  revision = "a3153f7040e90324c58c6287535e26a0ac5c1cc1"

[[projects]]
  name = "golang.org/x/text"
  packages = [
    "internal/gen",
    "internal/triegen",
    "internal/ucd",
    "transform",
    "unicode/cldr",
    "unicode/norm"
  ]
  revision = "f21a4dfb5e38f5895301dc265a8def02365cc3d0"
  version = "v0.3.0"

[solve-meta]
  analyzer-name = "dep"
  analyzer-version = 1
  inputs-digest = "eacb320f711de661f0274a6d7b120ed34e9f56ff9a8e8591736b2927b6a08cf8"
  solver-name = "gps-cdcl"
  solver-version = 1
